
Microsoft Visual Studio Solution File, Format Version 12.00
# Visual Studio Version 17
VisualStudioVersion = 17.8.34511.84
MinimumVisualStudioVersion = 10.0.40219.1
Project("{9A19103F-16F7-4668-BE54-9A1E7A4F7556}") = "Astaris", "Astaris.csproj", "{1C215777-F4CE-460F-901B-67F052770041}"
EndProject
Global
	GlobalSection(SolutionConfigurationPlatforms) = preSolution
		Debug|Any CPU = Debug|Any CPU
		Release|Any CPU = Release|Any CPU
	EndGlobalSection
	GlobalSection(ProjectConfigurationPlatforms) = postSolution
		{1C215777-F4CE-460F-901B-67F052770041}.Debug|Any CPU.ActiveCfg = Debug|Any CPU
		{1C215777-F4CE-460F-901B-67F052770041}.Debug|Any CPU.Build.0 = Debug|Any CPU
		{1C215777-F4CE-460F-901B-67F052770041}.Release|Any CPU.ActiveCfg = Release|Any CPU
		{1C215777-F4CE-460F-901B-67F052770041}.Release|Any CPU.Build.0 = Release|Any CPU
	EndGlobalSection
	GlobalSection(SolutionProperties) = preSolution
		HideSolutionNode = FALSE
	EndGlobalSection
	GlobalSection(ExtensibilityGlobals) = postSolution
		SolutionGuid = {6EC47041-04DF-4C6F-BCA1-2E1E9E6E5142}
	EndGlobalSection
EndGlobal
